
Microsoft Visual Studio Solution File, Format Version 12.00
# Visual Studio Version 17
VisualStudioVersion = 17.7.34202.233
MinimumVisualStudioVersion = 10.0.40219.1
Project("{FAE04EC0-301F-11D3-BF4B-00C04F79EFBC}") = "Hierarchical Structure", "Hierarchical Structure\Hierarchical Structure.csproj", "{D042E6E4-6708-4FB3-BB29-ADF9C53F3871}"
EndProject
Global
	GlobalSection(SolutionConfigurationPlatforms) = preSolution
		Debug|Any CPU = Debug|Any CPU
		Release|Any CPU = Release|Any CPU
	EndGlobalSection
	GlobalSection(ProjectConfigurationPlatforms) = postSolution
		{D042E6E4-6708-4FB3-BB29-ADF9C53F3871}.Debug|Any CPU.ActiveCfg = Debug|Any CPU
		{D042E6E4-6708-4FB3-BB29-ADF9C53F3871}.Debug|Any CPU.Build.0 = Debug|Any CPU
		{D042E6E4-6708-4FB3-BB29-ADF9C53F3871}.Release|Any CPU.ActiveCfg = Release|Any CPU
		{D042E6E4-6708-4FB3-BB29-ADF9C53F3871}.Release|Any CPU.Build.0 = Release|Any CPU
	EndGlobalSection
	GlobalSection(SolutionProperties) = preSolution
		HideSolutionNode = FALSE
	EndGlobalSection
	GlobalSection(ExtensibilityGlobals) = postSolution
		SolutionGuid = {ECDB01B9-0EC4-4285-9C67-B2B7CE0290B0}
	EndGlobalSection
EndGlobal
